
Microsoft Visual Studio Solution File, Format Version 12.00
# Visual Studio 15
VisualStudioVersion = 15.0.26730.12
MinimumVisualStudioVersion = 10.0.40219.1
Project("{8BC9CEB8-8B4A-11D0-8D11-00A0C91BC942}") = "LegacyLib", "LegacyLib\LegacyLib.vcxproj", "{C600FA02-47D0-47C2-87B7-FBD9BA0DA975}"
EndProject
Project("{8BC9CEB8-8B4A-11D0-8D11-00A0C91BC942}") = "test1", "test1\test1.vcxproj", "{E29444B9-92D5-4DC5-B582-38FC3A92A56E}"
EndProject
Global
	GlobalSection(SolutionConfigurationPlatforms) = preSolution
		Debug|x64 = Debug|x64
		Debug|x86 = Debug|x86
		Release|x64 = Release|x64
		Release|x86 = Release|x86
	EndGlobalSection
	GlobalSection(ProjectConfigurationPlatforms) = postSolution
		{C600FA02-47D0-47C2-87B7-FBD9BA0DA975}.Debug|x64.ActiveCfg = Debug|x64
		{C600FA02-47D0-47C2-87B7-FBD9BA0DA975}.Debug|x64.Build.0 = Debug|x64
		{C600FA02-47D0-47C2-87B7-FBD9BA0DA975}.Debug|x86.ActiveCfg = Debug|Win32
		{C600FA02-47D0-47C2-87B7-FBD9BA0DA975}.Debug|x86.Build.0 = Debug|Win32
		{C600FA02-47D0-47C2-87B7-FBD9BA0DA975}.Release|x64.ActiveCfg = Release|x64
		{C600FA02-47D0-47C2-87B7-FBD9BA0DA975}.Release|x64.Build.0 = Release|x64
		{C600FA02-47D0-47C2-87B7-FBD9BA0DA975}.Release|x86.ActiveCfg = Release|Win32
		{C600FA02-47D0-47C2-87B7-FBD9BA0DA975}.Release|x86.Build.0 = Release|Win32
		{E29444B9-92D5-4DC5-B582-38FC3A92A56E}.Debug|x64.ActiveCfg = Debug|x64
		{E29444B9-92D5-4DC5-B582-38FC3A92A56E}.Debug|x64.Build.0 = Debug|x64
		{E29444B9-92D5-4DC5-B582-38FC3A92A56E}.Debug|x86.ActiveCfg = Debug|Win32
		{E29444B9-92D5-4DC5-B582-38FC3A92A56E}.Debug|x86.Build.0 = Debug|Win32
		{E29444B9-92D5-4DC5-B582-38FC3A92A56E}.Release|x64.ActiveCfg = Release|x64
		{E29444B9-92D5-4DC5-B582-38FC3A92A56E}.Release|x64.Build.0 = Release|x64
		{E29444B9-92D5-4DC5-B582-38FC3A92A56E}.Release|x86.ActiveCfg = Release|Win32
		{E29444B9-92D5-4DC5-B582-38FC3A92A56E}.Release|x86.Build.0 = Release|Win32
	EndGlobalSection
	GlobalSection(SolutionProperties) = preSolution
		HideSolutionNode = FALSE
	EndGlobalSection
	GlobalSection(ExtensibilityGlobals) = postSolution
		SolutionGuid = {BB3B0088-A074-4CA0-8EAA-9294524FAE20}
	EndGlobalSection
EndGlobal
